
Microsoft Visual Studio Solution File, Format Version 12.00
# Visual Studio Version 16
VisualStudioVersion = 16.0.29201.188
MinimumVisualStudioVersion = 10.0.40219.1
Project("{FAE04EC0-301F-11D3-BF4B-00C04F79EFBC}") = "PluralsightBot", "PluralsightBot\PluralsightBot.csproj", "{AE81ADCC-4A18-4E44-8B3D-F8BCF699F109}"
EndProject
Global
	GlobalSection(SolutionConfigurationPlatforms) = preSolution
		Debug|Any CPU = Debug|Any CPU
		Release|Any CPU = Release|Any CPU
	EndGlobalSection
	GlobalSection(ProjectConfigurationPlatforms) = postSolution
		{AE81ADCC-4A18-4E44-8B3D-F8BCF699F109}.Debug|Any CPU.ActiveCfg = Debug|Any CPU
		{AE81ADCC-4A18-4E44-8B3D-F8BCF699F109}.Debug|Any CPU.Build.0 = Debug|Any CPU
		{AE81ADCC-4A18-4E44-8B3D-F8BCF699F109}.Release|Any CPU.ActiveCfg = Release|Any CPU
		{AE81ADCC-4A18-4E44-8B3D-F8BCF699F109}.Release|Any CPU.Build.0 = Release|Any CPU
	EndGlobalSection
	GlobalSection(SolutionProperties) = preSolution
		HideSolutionNode = FALSE
	EndGlobalSection
	GlobalSection(ExtensibilityGlobals) = postSolution
		SolutionGuid = {AC0777E0-759E-4D1A-9D87-1C8C9D03A38B}
	EndGlobalSection
EndGlobal
